
Microsoft Visual Studio Solution File, Format Version 12.00
# Visual Studio Version 16
VisualStudioVersion = 16.0.31313.79
MinimumVisualStudioVersion = 10.0.40219.1
Project("{8BC9CEB8-8B4A-11D0-8D11-00A0C91BC942}") = "BurgerStore", "BurgerStore.vcxproj", "{249AB34D-CCD5-46F0-9B44-5FF0F8D8C665}"
EndProject
Global
	GlobalSection(SolutionConfigurationPlatforms) = preSolution
		Debug|x64 = Debug|x64
		Debug|x86 = Debug|x86
		Release|x64 = Release|x64
		Release|x86 = Release|x86
	EndGlobalSection
	GlobalSection(ProjectConfigurationPlatforms) = postSolution
		{249AB34D-CCD5-46F0-9B44-5FF0F8D8C665}.Debug|x64.ActiveCfg = Debug|x64
		{249AB34D-CCD5-46F0-9B44-5FF0F8D8C665}.Debug|x64.Build.0 = Debug|x64
		{249AB34D-CCD5-46F0-9B44-5FF0F8D8C665}.Debug|x86.ActiveCfg = Debug|Win32
		{249AB34D-CCD5-46F0-9B44-5FF0F8D8C665}.Debug|x86.Build.0 = Debug|Win32
		{249AB34D-CCD5-46F0-9B44-5FF0F8D8C665}.Release|x64.ActiveCfg = Release|x64
		{249AB34D-CCD5-46F0-9B44-5FF0F8D8C665}.Release|x64.Build.0 = Release|x64
		{249AB34D-CCD5-46F0-9B44-5FF0F8D8C665}.Release|x86.ActiveCfg = Release|Win32
		{249AB34D-CCD5-46F0-9B44-5FF0F8D8C665}.Release|x86.Build.0 = Release|Win32
	EndGlobalSection
	GlobalSection(SolutionProperties) = preSolution
		HideSolutionNode = FALSE
	EndGlobalSection
	GlobalSection(ExtensibilityGlobals) = postSolution
		SolutionGuid = {57B040AC-0312-427C-8231-C9E4CE86DF0E}
	EndGlobalSection
EndGlobal
